
Microsoft Visual Studio Solution File, Format Version 12.00
# Visual Studio 14
VisualStudioVersion = 14.0.25420.1
MinimumVisualStudioVersion = 10.0.40219.1
Project("{FAE04EC0-301F-11D3-BF4B-00C04F79EFBC}") = "GrayUniformityApp", "GrayUniformityApp\GrayUniformityApp.csproj", "{E7A986A7-F96A-4A40-9BAD-098704F4D3AA}"
EndProject
Project("{8BC9CEB8-8B4A-11D0-8D11-00A0C91BC942}") = "OpencvImageProc", "OpencvImageProc\OpencvImageProc.vcxproj", "{54F4743C-EE0B-4256-A2D1-1C3187598F75}"
EndProject
Global
	GlobalSection(SolutionConfigurationPlatforms) = preSolution
		Debug|Any CPU = Debug|Any CPU
		Debug|x64 = Debug|x64
		Debug|x86 = Debug|x86
		Release|Any CPU = Release|Any CPU
		Release|x64 = Release|x64
		Release|x86 = Release|x86
	EndGlobalSection
	GlobalSection(ProjectConfigurationPlatforms) = postSolution
		{E7A986A7-F96A-4A40-9BAD-098704F4D3AA}.Debug|Any CPU.ActiveCfg = Debug|Any CPU
		{E7A986A7-F96A-4A40-9BAD-098704F4D3AA}.Debug|Any CPU.Build.0 = Debug|Any CPU
		{E7A986A7-F96A-4A40-9BAD-098704F4D3AA}.Debug|x64.ActiveCfg = Debug|Any CPU
		{E7A986A7-F96A-4A40-9BAD-098704F4D3AA}.Debug|x64.Build.0 = Debug|Any CPU
		{E7A986A7-F96A-4A40-9BAD-098704F4D3AA}.Debug|x86.ActiveCfg = Debug|Any CPU
		{E7A986A7-F96A-4A40-9BAD-098704F4D3AA}.Debug|x86.Build.0 = Debug|Any CPU
		{E7A986A7-F96A-4A40-9BAD-098704F4D3AA}.Release|Any CPU.ActiveCfg = Release|Any CPU
		{E7A986A7-F96A-4A40-9BAD-098704F4D3AA}.Release|Any CPU.Build.0 = Release|Any CPU
		{E7A986A7-F96A-4A40-9BAD-098704F4D3AA}.Release|x64.ActiveCfg = Release|Any CPU
		{E7A986A7-F96A-4A40-9BAD-098704F4D3AA}.Release|x64.Build.0 = Release|Any CPU
		{E7A986A7-F96A-4A40-9BAD-098704F4D3AA}.Release|x86.ActiveCfg = Release|Any CPU
		{E7A986A7-F96A-4A40-9BAD-098704F4D3AA}.Release|x86.Build.0 = Release|Any CPU
		{54F4743C-EE0B-4256-A2D1-1C3187598F75}.Debug|Any CPU.ActiveCfg = Debug|x64
		{54F4743C-EE0B-4256-A2D1-1C3187598F75}.Debug|Any CPU.Build.0 = Debug|x64
		{54F4743C-EE0B-4256-A2D1-1C3187598F75}.Debug|x64.ActiveCfg = Debug|x64
		{54F4743C-EE0B-4256-A2D1-1C3187598F75}.Debug|x64.Build.0 = Debug|x64
		{54F4743C-EE0B-4256-A2D1-1C3187598F75}.Debug|x86.ActiveCfg = Debug|Win32
		{54F4743C-EE0B-4256-A2D1-1C3187598F75}.Debug|x86.Build.0 = Debug|Win32
		{54F4743C-EE0B-4256-A2D1-1C3187598F75}.Release|Any CPU.ActiveCfg = Release|Win32
		{54F4743C-EE0B-4256-A2D1-1C3187598F75}.Release|x64.ActiveCfg = Release|x64
		{54F4743C-EE0B-4256-A2D1-1C3187598F75}.Release|x64.Build.0 = Release|x64
		{54F4743C-EE0B-4256-A2D1-1C3187598F75}.Release|x86.ActiveCfg = Release|Win32
		{54F4743C-EE0B-4256-A2D1-1C3187598F75}.Release|x86.Build.0 = Release|Win32
	EndGlobalSection
	GlobalSection(SolutionProperties) = preSolution
		HideSolutionNode = FALSE
	EndGlobalSection
EndGlobal
